<?xml version="1.0" encoding="utf-8"?>
<Project ToolsVersion="4.0" xmlns="http://schemas.microsoft.com/developer/msbuild/2003">
  <ItemGroup>
    <Filter Include="Pliki źródłowe">
      <UniqueIdentifier>{4FC737F1-C7A5-4376-A066-2A32D752A2FF}</UniqueIdentifier>
      <Extensions>cpp;c;cc;cxx;c++;def;odl;idl;hpj;bat;asm;asmx</Extensions>
    </Filter>
    <Filter Include="Pliki nagłówkowe">
      <UniqueIdentifier>{93995380-89BD-4b04-88EB-625FBE52EBFB}</UniqueIdentifier>
      <Extensions>h;hh;hpp;hxx;h++;hm;inl;inc;ipp;xsd</Extensions>
    </Filter>
    <Filter Include="Pliki zasobów">
      <UniqueIdentifier>{67DA6AB6-F800-4c08-8B7A-83BB121AAD01}</UniqueIdentifier>
      <Extensions>rc;ico;cur;bmp;dlg;rc2;rct;bin;rgs;gif;jpg;jpeg;jpe;resx;tiff;tif;png;wav;mfcribbon-ms</Extensions>
    </Filter>
  </ItemGroup>
  <ItemGroup>
    <ClInclude Include="src\Window\Window.h">
      <Filter>Pliki nagłówkowe</Filter>
    </ClInclude>
    <ClInclude Include="src\mar.h">
      <Filter>Pliki nagłówkowe</Filter>
    </ClInclude>
    <ClInclude Include="src\Devices\SerialPortMonitor.h">
      <Filter>Pliki nagłówkowe</Filter>
    </ClInclude>
    <ClInclude Include="src\MAREngine.h">
      <Filter>Pliki nagłówkowe</Filter>
    </ClInclude>
    <ClInclude Include="src\Debug\Log.h">
      <Filter>Pliki nagłówkowe</Filter>
    </ClInclude>
    <ClInclude Include="src\Layers\Layer.h">
      <Filter>Pliki nagłówkowe</Filter>
    </ClInclude>
    <ClInclude Include="src\Layers\LayerStack.h">
      <Filter>Pliki nagłówkowe</Filter>
    </ClInclude>
    <ClInclude Include="other\stb_image\include\stb_image\stb_image.h">
      <Filter>Pliki nagłówkowe</Filter>
    </ClInclude>
    <ClInclude Include="other\imgui\imgui.h">
      <Filter>Pliki nagłówkowe</Filter>
    </ClInclude>
    <ClInclude Include="other\imgui\imstb_textedit.h">
      <Filter>Pliki nagłówkowe</Filter>
    </ClInclude>
    <ClInclude Include="other\imgui\imconfig.h">
      <Filter>Pliki nagłówkowe</Filter>
    </ClInclude>
    <ClInclude Include="other\imgui\imgui_internal.h">
      <Filter>Pliki nagłówkowe</Filter>
    </ClInclude>
    <ClInclude Include="other\imgui\imstb_rectpack.h">
      <Filter>Pliki nagłówkowe</Filter>
    </ClInclude>
    <ClInclude Include="other\imgui\imstb_truetype.h">
      <Filter>Pliki nagłówkowe</Filter>
    </ClInclude>
    <ClInclude Include="other\imgui\examples\imgui_impl_opengl3.h">
      <Filter>Pliki nagłówkowe</Filter>
    </ClInclude>
    <ClInclude Include="other\imgui\examples\imgui_impl_glfw.h">
      <Filter>Pliki nagłówkowe</Filter>
    </ClInclude>
    <ClInclude Include="src\Layers\GUILayer.h">
      <Filter>Pliki nagłówkowe</Filter>
    </ClInclude>
    <ClInclude Include="src\Layers\MeshLayer.h">
      <Filter>Pliki nagłówkowe</Filter>
    </ClInclude>
    <ClInclude Include="src\Window\buttons_def.h">
      <Filter>Pliki nagłówkowe</Filter>
    </ClInclude>
    <ClInclude Include="src\Window\Input.h">
      <Filter>Pliki nagłówkowe</Filter>
    </ClInclude>
    <ClInclude Include="src\Layers\CameraLayer.h">
      <Filter>Pliki nagłówkowe</Filter>
    </ClInclude>
    <ClInclude Include="src\mar_includes.h">
      <Filter>Pliki nagłówkowe</Filter>
    </ClInclude>
    <ClInclude Include="other\MARMaths\src\mat\mat4.h">
      <Filter>Pliki nagłówkowe</Filter>
    </ClInclude>
    <ClInclude Include="other\MARMaths\src\trig\trigonometric.h">
      <Filter>Pliki nagłówkowe</Filter>
    </ClInclude>
    <ClInclude Include="other\MARMaths\src\vec\vec2.h">
      <Filter>Pliki nagłówkowe</Filter>
    </ClInclude>
    <ClInclude Include="other\MARMaths\src\vec\vec3.h">
      <Filter>Pliki nagłówkowe</Filter>
    </ClInclude>
    <ClInclude Include="other\MARMaths\src\vec\vec4.h">
      <Filter>Pliki nagłówkowe</Filter>
    </ClInclude>
    <ClInclude Include="other\MARMaths\src\maths.h">
      <Filter>Pliki nagłówkowe</Filter>
    </ClInclude>
    <ClInclude Include="other\MARMaths\MARMaths.h">
      <Filter>Pliki nagłówkowe</Filter>
    </ClInclude>
    <ClInclude Include="src\Core\Camera\Camera.h">
      <Filter>Pliki nagłówkowe</Filter>
    </ClInclude>
    <ClInclude Include="src\Core\Scene\Scene.h">
      <Filter>Pliki nagłówkowe</Filter>
    </ClInclude>
    <ClInclude Include="src\Core\Light\Light.h">
      <Filter>Pliki nagłówkowe</Filter>
    </ClInclude>
    <ClInclude Include="src\Core\Mesh\Objects\ObjectLoader.h">
      <Filter>Pliki nagłówkowe</Filter>
    </ClInclude>
    <ClInclude Include="src\Core\Mesh\Shapes\DefaultShapes\Cube.h">
      <Filter>Pliki nagłówkowe</Filter>
    </ClInclude>
    <ClInclude Include="src\Core\Mesh\Shapes\DefaultShapes\Pyramid.h">
      <Filter>Pliki nagłówkowe</Filter>
    </ClInclude>
    <ClInclude Include="src\Core\Mesh\Shapes\DefaultShapes\Surface.h">
      <Filter>Pliki nagłówkowe</Filter>
    </ClInclude>
    <ClInclude Include="src\Core\Mesh\Shapes\DefaultShapes\Wall.h">
      <Filter>Pliki nagłówkowe</Filter>
    </ClInclude>
    <ClInclude Include="src\Core\Mesh\Shapes\ShapeManipulator.h">
      <Filter>Pliki nagłówkowe</Filter>
    </ClInclude>
    <ClInclude Include="src\Core\Mesh\Shapes\Shapes.h">
      <Filter>Pliki nagłówkowe</Filter>
    </ClInclude>
    <ClInclude Include="src\Core\Mesh\Texture\Texture.h">
      <Filter>Pliki nagłówkowe</Filter>
    </ClInclude>
    <ClInclude Include="src\Core\Mesh\Texture\TextureOpenGL.h">
      <Filter>Pliki nagłówkowe</Filter>
    </ClInclude>
    <ClInclude Include="src\Core\Mesh\Texture\TexturePaths.h">
      <Filter>Pliki nagłówkowe</Filter>
    </ClInclude>
    <ClInclude Include="src\Core\Mesh\Mesh.h">
      <Filter>Pliki nagłówkowe</Filter>
    </ClInclude>
    <ClInclude Include="src\Core\Mesh\MeshCreator.h">
      <Filter>Pliki nagłówkowe</Filter>
    </ClInclude>
    <ClInclude Include="src\Core\Shader\Shader.h">
      <Filter>Pliki nagłówkowe</Filter>
    </ClInclude>
    <ClInclude Include="src\Core\Shader\ShaderOpenGL.h">
      <Filter>Pliki nagłówkowe</Filter>
    </ClInclude>
    <ClInclude Include="src\Core\Renderer\Renderer.h">
      <Filter>Pliki nagłówkowe</Filter>
    </ClInclude>
    <ClInclude Include="src\Editor\GUI\GUI.h">
      <Filter>Pliki nagłówkowe</Filter>
    </ClInclude>
    <ClInclude Include="src\Core\Renderer\Buffers\ElementBuffer\ElementBuffer.h">
      <Filter>Pliki nagłówkowe</Filter>
    </ClInclude>
    <ClInclude Include="src\Core\Renderer\Buffers\ElementBuffer\ElementBufferOpenGL.h">
      <Filter>Pliki nagłówkowe</Filter>
    </ClInclude>
    <ClInclude Include="src\Core\Renderer\Buffers\FrameBuffer\FrameBuffer.h">
      <Filter>Pliki nagłówkowe</Filter>
    </ClInclude>
    <ClInclude Include="src\Core\Renderer\Buffers\FrameBuffer\FrameBufferOpenGL.h">
      <Filter>Pliki nagłówkowe</Filter>
    </ClInclude>
    <ClInclude Include="src\Core\Renderer\Buffers\VertexArray\VertexArray.h">
      <Filter>Pliki nagłówkowe</Filter>
    </ClInclude>
    <ClInclude Include="src\Core\Renderer\Buffers\VertexArray\VertexArrayOpenGL.h">
      <Filter>Pliki nagłówkowe</Filter>
    </ClInclude>
    <ClInclude Include="src\Core\Renderer\Buffers\VertexBuffer\VertexBuffer.h">
      <Filter>Pliki nagłówkowe</Filter>
    </ClInclude>
    <ClInclude Include="src\Core\Renderer\Buffers\VertexBuffer\VertexBufferLayout.h">
      <Filter>Pliki nagłówkowe</Filter>
    </ClInclude>
    <ClInclude Include="src\Core\Renderer\Buffers\VertexBuffer\VertexBufferLayoutOpenGL.h">
      <Filter>Pliki nagłówkowe</Filter>
    </ClInclude>
    <ClInclude Include="src\Core\Renderer\Buffers\VertexBuffer\VertexBufferOpenGL.h">
      <Filter>Pliki nagłówkowe</Filter>
    </ClInclude>
    <ClInclude Include="src\Editor\FileSystem\filesystem.h">
      <Filter>Pliki nagłówkowe</Filter>
    </ClInclude>
    <ClInclude Include="src\Window\callbacks.h">
      <Filter>Pliki nagłówkowe</Filter>
    </ClInclude>
  </ItemGroup>
  <ItemGroup>
    <ClCompile Include="src\Window\Window.cpp">
      <Filter>Pliki źródłowe</Filter>
    </ClCompile>
    <ClCompile Include="src\Devices\SerialPortMonitor.cpp">
      <Filter>Pliki źródłowe</Filter>
    </ClCompile>
    <ClCompile Include="src\MAREngine.cpp">
      <Filter>Pliki źródłowe</Filter>
    </ClCompile>
    <ClCompile Include="other\stb_image\include\stb_image\stb_image.cpp">
      <Filter>Pliki źródłowe</Filter>
    </ClCompile>
    <ClCompile Include="src\Debug\Log.cpp">
      <Filter>Pliki źródłowe</Filter>
    </ClCompile>
    <ClCompile Include="other\imgui\imgui.cpp">
      <Filter>Pliki źródłowe</Filter>
    </ClCompile>
    <ClCompile Include="other\imgui\imgui_draw.cpp">
      <Filter>Pliki źródłowe</Filter>
    </ClCompile>
    <ClCompile Include="other\imgui\imgui_widgets.cpp">
      <Filter>Pliki źródłowe</Filter>
    </ClCompile>
    <ClCompile Include="other\imgui\imgui_demo.cpp">
      <Filter>Pliki źródłowe</Filter>
    </ClCompile>
    <ClCompile Include="other\imgui\examples\imgui_impl_opengl3.cpp">
      <Filter>Pliki źródłowe</Filter>
    </ClCompile>
    <ClCompile Include="other\imgui\examples\imgui_impl_glfw.cpp">
      <Filter>Pliki źródłowe</Filter>
    </ClCompile>
    <ClCompile Include="src\Layers\MeshLayer.cpp">
      <Filter>Pliki źródłowe</Filter>
    </ClCompile>
    <ClCompile Include="src\Layers\GUILayer.cpp">
      <Filter>Pliki źródłowe</Filter>
    </ClCompile>
    <ClCompile Include="src\Window\Input.cpp">
      <Filter>Pliki źródłowe</Filter>
    </ClCompile>
    <ClCompile Include="other\MARMaths\src\mat\mat4.cpp">
      <Filter>Pliki źródłowe</Filter>
    </ClCompile>
    <ClCompile Include="other\MARMaths\src\vec\vec2.cpp">
      <Filter>Pliki źródłowe</Filter>
    </ClCompile>
    <ClCompile Include="other\MARMaths\src\vec\vec3.cpp">
      <Filter>Pliki źródłowe</Filter>
    </ClCompile>
    <ClCompile Include="other\MARMaths\src\vec\vec4.cpp">
      <Filter>Pliki źródłowe</Filter>
    </ClCompile>
    <ClCompile Include="src\Core\Camera\Camera.cpp">
      <Filter>Pliki źródłowe</Filter>
    </ClCompile>
    <ClCompile Include="src\Core\Scene\Scene.cpp">
      <Filter>Pliki źródłowe</Filter>
    </ClCompile>
    <ClCompile Include="src\Core\Light\Light.cpp">
      <Filter>Pliki źródłowe</Filter>
    </ClCompile>
    <ClCompile Include="src\Core\Mesh\Objects\ObjectLoader.cpp">
      <Filter>Pliki źródłowe</Filter>
    </ClCompile>
    <ClCompile Include="src\Core\Mesh\Shapes\ShapeManipulator.cpp">
      <Filter>Pliki źródłowe</Filter>
    </ClCompile>
    <ClCompile Include="src\Core\Mesh\Shapes\Shapes.cpp">
      <Filter>Pliki źródłowe</Filter>
    </ClCompile>
    <ClCompile Include="src\Core\Mesh\Texture\TextureOpenGL.cpp">
      <Filter>Pliki źródłowe</Filter>
    </ClCompile>
    <ClCompile Include="src\Core\Mesh\Mesh.cpp">
      <Filter>Pliki źródłowe</Filter>
    </ClCompile>
    <ClCompile Include="src\Core\Shader\ShaderOpenGL.cpp">
      <Filter>Pliki źródłowe</Filter>
    </ClCompile>
    <ClCompile Include="src\Core\Renderer\Renderer.cpp">
      <Filter>Pliki źródłowe</Filter>
    </ClCompile>
    <ClCompile Include="src\Editor\GUI\GUI.cpp">
      <Filter>Pliki źródłowe</Filter>
    </ClCompile>
    <ClCompile Include="src\Core\Renderer\Buffers\ElementBuffer\ElementBufferOpenGL.cpp">
      <Filter>Pliki źródłowe</Filter>
    </ClCompile>
    <ClCompile Include="src\Core\Renderer\Buffers\FrameBuffer\FrameBufferOpenGL.cpp">
      <Filter>Pliki źródłowe</Filter>
    </ClCompile>
    <ClCompile Include="src\Core\Renderer\Buffers\VertexArray\VertexArrayOpenGL.cpp">
      <Filter>Pliki źródłowe</Filter>
    </ClCompile>
    <ClCompile Include="src\Core\Renderer\Buffers\VertexBuffer\VertexBufferOpenGL.cpp">
      <Filter>Pliki źródłowe</Filter>
    </ClCompile>
    <ClCompile Include="src\Editor\FileSystem\filesystem_save-load-scene.cpp">
      <Filter>Pliki źródłowe</Filter>
    </ClCompile>
    <ClCompile Include="src\Editor\FileSystem\filesystem_load-layers.cpp">
      <Filter>Pliki źródłowe</Filter>
    </ClCompile>
    <ClCompile Include="src\Editor\FileSystem\filesystem_update.cpp">
      <Filter>Pliki źródłowe</Filter>
    </ClCompile>
    <ClCompile Include="src\Window\callbacks.cpp">
      <Filter>Pliki źródłowe</Filter>
    </ClCompile>
    <ClCompile Include="src\mar.cpp">
      <Filter>Pliki źródłowe</Filter>
    </ClCompile>
    <ClCompile Include="main.cpp">
      <Filter>Pliki źródłowe</Filter>
    </ClCompile>
  </ItemGroup>
  <ItemGroup>
    <None Include="imgui.ini" />
    <None Include="INSTALL.md" />
    <None Include="LICENSE.md" />
    <None Include="README.md" />
    <None Include=".gitattributes" />
    <None Include=".gitignore" />
    <None Include="cmake\FindGLFW3.cmake" />
    <None Include="cmake\FindGLM.cmake" />
    <None Include="resources\shaders\basicWithoutGUI.shader" />
    <None Include="resources\shaders\basic.shader" />
    <None Include="resources\shaders\cubemap.shader" />
    <None Include=".gitmodules" />
    <None Include="resources\shaders\cubemapWithoutGUI.shader" />
    <None Include="resources\mar_files\load_default.marscene" />
    <None Include="resources\mar_files\modified.marscene" />
    <None Include="resources\mar_files\to_load.marscene" />
    <None Include="resources\mar_files\pushed_to_meshes.marscene" />
    <None Include="resources\mar_files\test.marscene" />
    <None Include="cmake\FindGLEW.cmake" />
    <None Include="cmake\FindOpenGL.cmake" />
    <None Include="cmake\FindPackageHandleStandardArgs.cmake" />
    <None Include="cmake\FindPackageMessage.cmake" />
    <None Include="cmake\SelectLibraryConfigurations.cmake" />
  </ItemGroup>
  <ItemGroup>
    <Image Include="resources\textures\wall.jpg">
      <Filter>Pliki zasobów</Filter>
    </Image>
    <Image Include="resources\textures\mr.jpg">
      <Filter>Pliki zasobów</Filter>
    </Image>
    <Image Include="resources\textures\red-texture.jpg">
      <Filter>Pliki zasobów</Filter>
    </Image>
    <Image Include="resources\textures\blue-texture.jpg">
      <Filter>Pliki zasobów</Filter>
    </Image>
    <Image Include="resources\textures\grass-texture.jpg">
      <Filter>Pliki zasobów</Filter>
    </Image>
    <Image Include="resources\textures\black-texture.jpg">
      <Filter>Pliki zasobów</Filter>
    </Image>
    <Image Include="resources\textures\yellow-texture.jpg">
      <Filter>Pliki zasobów</Filter>
    </Image>
    <Image Include="resources\textures\mc\mc-grass.jpg">
      <Filter>Pliki zasobów</Filter>
    </Image>
    <Image Include="resources\textures\skybox\back.jpg">
      <Filter>Pliki zasobów</Filter>
    </Image>
    <Image Include="resources\textures\skybox\bottom.jpg">
      <Filter>Pliki zasobów</Filter>
    </Image>
    <Image Include="resources\textures\skybox\front.jpg">
      <Filter>Pliki zasobów</Filter>
    </Image>
    <Image Include="resources\textures\skybox\left.jpg">
      <Filter>Pliki zasobów</Filter>
    </Image>
    <Image Include="resources\textures\skybox\right.jpg">
      <Filter>Pliki zasobów</Filter>
    </Image>
    <Image Include="resources\textures\skybox\top.jpg">
      <Filter>Pliki zasobów</Filter>
    </Image>
    <Image Include="resources\textures\mc\mc-cobble.jpg">
      <Filter>Pliki zasobów</Filter>
    </Image>
    <Image Include="resources\textures\mc\dirt.jpg">
      <Filter>Pliki zasobów</Filter>
    </Image>
    <Image Include="resources\textures\mc\mc-grass-up.jpg">
      <Filter>Pliki zasobów</Filter>
    </Image>
    <Image Include="resources\textures\mc\mc-diamond.jpg">
      <Filter>Pliki zasobów</Filter>
    </Image>
    <Image Include="img\marengine.jpg">
      <Filter>Pliki zasobów</Filter>
    </Image>
    <Image Include="img\marenginesln.jpg">
      <Filter>Pliki zasobów</Filter>
    </Image>
    <Image Include="img\cmake_generate.jpg">
      <Filter>Pliki zasobów</Filter>
    </Image>
    <Image Include="img\starting.jpg">
      <Filter>Pliki zasobów</Filter>
    </Image>
    <Image Include="img\win32cmake.jpg">
      <Filter>Pliki zasobów</Filter>
    </Image>
    <Image Include="img\x86.jpg">
      <Filter>Pliki zasobów</Filter>
    </Image>
  </ItemGroup>
  <ItemGroup>
    <Text Include="CMakeLists.txt" />
  </ItemGroup>
</Project>