<?xml version="1.0" encoding="utf-8"?>
<Project ToolsVersion="4.0" xmlns="http://schemas.microsoft.com/developer/msbuild/2003">
  <ItemGroup>
    <Filter Include="Pliki źródłowe">
      <UniqueIdentifier>{4FC737F1-C7A5-4376-A066-2A32D752A2FF}</UniqueIdentifier>
      <Extensions>cpp;c;cc;cxx;c++;def;odl;idl;hpj;bat;asm;asmx</Extensions>
    </Filter>
    <Filter Include="Pliki nagłówkowe">
      <UniqueIdentifier>{93995380-89BD-4b04-88EB-625FBE52EBFB}</UniqueIdentifier>
      <Extensions>h;hh;hpp;hxx;h++;hm;inl;inc;ipp;xsd</Extensions>
    </Filter>
    <Filter Include="Pliki zasobów">
      <UniqueIdentifier>{67DA6AB6-F800-4c08-8B7A-83BB121AAD01}</UniqueIdentifier>
      <Extensions>rc;ico;cur;bmp;dlg;rc2;rct;bin;rgs;gif;jpg;jpeg;jpe;resx;tiff;tif;png;wav;mfcribbon-ms</Extensions>
    </Filter>
  </ItemGroup>
  <ItemGroup>
    <ClInclude Include="src\Window\Window.h">
      <Filter>Pliki nagłówkowe</Filter>
    </ClInclude>
    <ClInclude Include="src\mar.h">
      <Filter>Pliki nagłówkowe</Filter>
    </ClInclude>
    <ClInclude Include="src\Devices\SerialPortMonitor.h">
      <Filter>Pliki nagłówkowe</Filter>
    </ClInclude>
    <ClInclude Include="src\Debug\Log.h">
      <Filter>Pliki nagłówkowe</Filter>
    </ClInclude>
    <ClInclude Include="src\Window\buttons_def.h">
      <Filter>Pliki nagłówkowe</Filter>
    </ClInclude>
    <ClInclude Include="src\Window\Input.h">
      <Filter>Pliki nagłówkowe</Filter>
    </ClInclude>
    <ClInclude Include="src\mar_includes.h">
      <Filter>Pliki nagłówkowe</Filter>
    </ClInclude>
    <ClInclude Include="src\Editor\GUI\GUI.h">
      <Filter>Pliki nagłówkowe</Filter>
    </ClInclude>
    <ClInclude Include="src\Window\callbacks.h">
      <Filter>Pliki nagłówkowe</Filter>
    </ClInclude>
    <ClInclude Include="src\LayerStack\Layer.h">
      <Filter>Pliki nagłówkowe</Filter>
    </ClInclude>
    <ClInclude Include="src\LayerStack\LayerStack.h">
      <Filter>Pliki nagłówkowe</Filter>
    </ClInclude>
    <ClInclude Include="src\LayerStack\layers\EntityLayer.h">
      <Filter>Pliki nagłówkowe</Filter>
    </ClInclude>
    <ClInclude Include="src\LayerStack\layers\GUILayer.h">
      <Filter>Pliki nagłówkowe</Filter>
    </ClInclude>
    <ClInclude Include="src\Editor\Filesystem\EditorFilesystem.h">
      <Filter>Pliki nagłówkowe</Filter>
    </ClInclude>
    <ClInclude Include="3rd_party\imgui\imconfig.h">
      <Filter>Pliki nagłówkowe</Filter>
    </ClInclude>
    <ClInclude Include="3rd_party\imgui\imgui.h">
      <Filter>Pliki nagłówkowe</Filter>
    </ClInclude>
    <ClInclude Include="3rd_party\imgui\imgui_internal.h">
      <Filter>Pliki nagłówkowe</Filter>
    </ClInclude>
    <ClInclude Include="3rd_party\imgui\imstb_rectpack.h">
      <Filter>Pliki nagłówkowe</Filter>
    </ClInclude>
    <ClInclude Include="3rd_party\imgui\imstb_textedit.h">
      <Filter>Pliki nagłówkowe</Filter>
    </ClInclude>
    <ClInclude Include="3rd_party\imgui\imstb_truetype.h">
      <Filter>Pliki nagłówkowe</Filter>
    </ClInclude>
    <ClInclude Include="3rd_party\imgui\examples\imgui_impl_glfw.h">
      <Filter>Pliki nagłówkowe</Filter>
    </ClInclude>
    <ClInclude Include="3rd_party\imgui\examples\imgui_impl_opengl3.h">
      <Filter>Pliki nagłówkowe</Filter>
    </ClInclude>
    <ClInclude Include="3rd_party\ImGuizmo\ImGuizmo.h">
      <Filter>Pliki nagłówkowe</Filter>
    </ClInclude>
    <ClInclude Include="3rd_party\MARMaths\MARMaths.h">
      <Filter>Pliki nagłówkowe</Filter>
    </ClInclude>
    <ClInclude Include="3rd_party\MARMaths\src\mat\mat4.h">
      <Filter>Pliki nagłówkowe</Filter>
    </ClInclude>
    <ClInclude Include="3rd_party\MARMaths\src\math_func\Basic_Math.h">
      <Filter>Pliki nagłówkowe</Filter>
    </ClInclude>
    <ClInclude Include="3rd_party\MARMaths\src\trig\trigonometric.h">
      <Filter>Pliki nagłówkowe</Filter>
    </ClInclude>
    <ClInclude Include="3rd_party\MARMaths\src\vec\vec2.h">
      <Filter>Pliki nagłówkowe</Filter>
    </ClInclude>
    <ClInclude Include="3rd_party\MARMaths\src\vec\vec3.h">
      <Filter>Pliki nagłówkowe</Filter>
    </ClInclude>
    <ClInclude Include="3rd_party\MARMaths\src\vec\vec4.h">
      <Filter>Pliki nagłówkowe</Filter>
    </ClInclude>
    <ClInclude Include="3rd_party\MARMaths\src\maths.h">
      <Filter>Pliki nagłówkowe</Filter>
    </ClInclude>
    <ClInclude Include="3rd_party\serialport\include\SerialPort.hpp">
      <Filter>Pliki nagłówkowe</Filter>
    </ClInclude>
    <ClInclude Include="3rd_party\stb_image\include\stb_image\stb_image.h">
      <Filter>Pliki nagłówkowe</Filter>
    </ClInclude>
    <ClInclude Include="3rd_party\entt\include\entt\entt.hpp">
      <Filter>Pliki nagłówkowe</Filter>
    </ClInclude>
    <ClInclude Include="src\Editor\EditorLogging.h">
      <Filter>Pliki nagłówkowe</Filter>
    </ClInclude>
    <ClInclude Include="src\Core\graphics\Renderer\Buffers\ElementBuffer\ElementBuffer.h">
      <Filter>Pliki nagłówkowe</Filter>
    </ClInclude>
    <ClInclude Include="src\Core\graphics\Renderer\Buffers\ElementBuffer\ElementBufferOpenGL.h">
      <Filter>Pliki nagłówkowe</Filter>
    </ClInclude>
    <ClInclude Include="src\Core\graphics\Renderer\Buffers\FrameBuffer\FrameBuffer.h">
      <Filter>Pliki nagłówkowe</Filter>
    </ClInclude>
    <ClInclude Include="src\Core\graphics\Renderer\Buffers\FrameBuffer\FrameBufferOpenGL.h">
      <Filter>Pliki nagłówkowe</Filter>
    </ClInclude>
    <ClInclude Include="src\Core\graphics\Renderer\Buffers\VertexArray\VertexArray.h">
      <Filter>Pliki nagłówkowe</Filter>
    </ClInclude>
    <ClInclude Include="src\Core\graphics\Renderer\Buffers\VertexArray\VertexArrayOpenGL.h">
      <Filter>Pliki nagłówkowe</Filter>
    </ClInclude>
    <ClInclude Include="src\Core\graphics\Renderer\Buffers\VertexBuffer\VertexBuffer.h">
      <Filter>Pliki nagłówkowe</Filter>
    </ClInclude>
    <ClInclude Include="src\Core\graphics\Renderer\Buffers\VertexBuffer\VertexBufferLayout.h">
      <Filter>Pliki nagłówkowe</Filter>
    </ClInclude>
    <ClInclude Include="src\Core\graphics\Renderer\Buffers\VertexBuffer\VertexBufferLayoutOpenGL.h">
      <Filter>Pliki nagłówkowe</Filter>
    </ClInclude>
    <ClInclude Include="src\Core\graphics\Renderer\Buffers\VertexBuffer\VertexBufferOpenGL.h">
      <Filter>Pliki nagłówkowe</Filter>
    </ClInclude>
    <ClInclude Include="src\Core\graphics\Renderer\Shader\Shader.h">
      <Filter>Pliki nagłówkowe</Filter>
    </ClInclude>
    <ClInclude Include="src\Core\graphics\Renderer\Shader\ShaderOpenGL.h">
      <Filter>Pliki nagłówkowe</Filter>
    </ClInclude>
    <ClInclude Include="src\Core\graphics\Renderer\Texture\Texture.h">
      <Filter>Pliki nagłówkowe</Filter>
    </ClInclude>
    <ClInclude Include="src\Core\graphics\Renderer\Texture\TextureOpenGL.h">
      <Filter>Pliki nagłówkowe</Filter>
    </ClInclude>
    <ClInclude Include="src\Core\graphics\Renderer\Texture\TexturePaths.h">
      <Filter>Pliki nagłówkowe</Filter>
    </ClInclude>
    <ClInclude Include="src\Core\graphics\Renderer\Renderer.h">
      <Filter>Pliki nagłówkowe</Filter>
    </ClInclude>
    <ClInclude Include="src\Core\graphics\Renderer\RendererEntity.h">
      <Filter>Pliki nagłówkowe</Filter>
    </ClInclude>
    <ClInclude Include="src\Core\graphics\Mesh\Manipulators\ShapeManipulator.h">
      <Filter>Pliki nagłówkowe</Filter>
    </ClInclude>
    <ClInclude Include="src\Core\graphics\Mesh\MeshCreator.h">
      <Filter>Pliki nagłówkowe</Filter>
    </ClInclude>
    <ClInclude Include="src\Core\ecs\Scene.h">
      <Filter>Pliki nagłówkowe</Filter>
    </ClInclude>
    <ClInclude Include="src\Core\graphics\GraphicsLogs.h">
      <Filter>Pliki nagłówkowe</Filter>
    </ClInclude>
    <ClInclude Include="src\Core\ecs\ECSLogs.h">
      <Filter>Pliki nagłówkowe</Filter>
    </ClInclude>
    <ClInclude Include="src\Core\graphics\Renderer\Shader\ShaderUniforms.h">
      <Filter>Pliki nagłówkowe</Filter>
    </ClInclude>
    <ClInclude Include="src\Editor\Camera\Camera.h">
      <Filter>Pliki nagłówkowe</Filter>
    </ClInclude>
    <ClInclude Include="src\Core\graphics\Renderer\RenderCamera.h">
      <Filter>Pliki nagłówkowe</Filter>
    </ClInclude>
    <ClInclude Include="src\Engine.h">
      <Filter>Pliki nagłówkowe</Filter>
    </ClInclude>
    <ClInclude Include="include\MAREngine\MAREngine.h">
      <Filter>Pliki nagłówkowe</Filter>
    </ClInclude>
    <ClInclude Include="src\Helper.h">
      <Filter>Pliki nagłówkowe</Filter>
    </ClInclude>
    <ClInclude Include="src\Core\graphics\Renderer\RendererColor.h">
      <Filter>Pliki nagłówkowe</Filter>
    </ClInclude>
    <ClInclude Include="src\Core\graphics\Renderer\RendererTexture.h">
      <Filter>Pliki nagłówkowe</Filter>
    </ClInclude>
    <ClInclude Include="src\Core\scripting\EmbedEngineHelpers.h">
      <Filter>Pliki nagłówkowe</Filter>
    </ClInclude>
    <ClInclude Include="src\Core\scripting\PythonScript.h">
      <Filter>Pliki nagłówkowe</Filter>
    </ClInclude>
    <ClInclude Include="src\Core\ecs\ECS\Components.h">
      <Filter>Pliki nagłówkowe</Filter>
    </ClInclude>
    <ClInclude Include="src\Core\ecs\ECS\Entity.h">
      <Filter>Pliki nagłówkowe</Filter>
    </ClInclude>
    <ClInclude Include="src\Core\ecs\ECS\Systems.h">
      <Filter>Pliki nagłówkowe</Filter>
    </ClInclude>
    <ClInclude Include="src\Core\ecs\Storages.h">
      <Filter>Pliki nagłówkowe</Filter>
    </ClInclude>
    <ClInclude Include="src\Core\scripting\MAREnginePy.cpp">
      <Filter>Pliki nagłówkowe</Filter>
    </ClInclude>
  </ItemGroup>
  <ItemGroup>
    <ClCompile Include="src\Window\Window.cpp">
      <Filter>Pliki źródłowe</Filter>
    </ClCompile>
    <ClCompile Include="src\Devices\SerialPortMonitor.cpp">
      <Filter>Pliki źródłowe</Filter>
    </ClCompile>
    <ClCompile Include="src\Debug\Log.cpp">
      <Filter>Pliki źródłowe</Filter>
    </ClCompile>
    <ClCompile Include="src\Window\Input.cpp">
      <Filter>Pliki źródłowe</Filter>
    </ClCompile>
    <ClCompile Include="src\Editor\GUI\GUI.cpp">
      <Filter>Pliki źródłowe</Filter>
    </ClCompile>
    <ClCompile Include="src\Window\callbacks.cpp">
      <Filter>Pliki źródłowe</Filter>
    </ClCompile>
    <ClCompile Include="src\mar.cpp">
      <Filter>Pliki źródłowe</Filter>
    </ClCompile>
    <ClCompile Include="src\LayerStack\layers\EntityLayer.cpp">
      <Filter>Pliki źródłowe</Filter>
    </ClCompile>
    <ClCompile Include="src\LayerStack\layers\GUILayer.cpp">
      <Filter>Pliki źródłowe</Filter>
    </ClCompile>
    <ClCompile Include="src\Editor\Filesystem\EditorFilesystem.cpp">
      <Filter>Pliki źródłowe</Filter>
    </ClCompile>
    <ClCompile Include="3rd_party\imgui\imgui.cpp">
      <Filter>Pliki źródłowe</Filter>
    </ClCompile>
    <ClCompile Include="3rd_party\imgui\imgui_demo.cpp">
      <Filter>Pliki źródłowe</Filter>
    </ClCompile>
    <ClCompile Include="3rd_party\imgui\imgui_draw.cpp">
      <Filter>Pliki źródłowe</Filter>
    </ClCompile>
    <ClCompile Include="3rd_party\imgui\imgui_widgets.cpp">
      <Filter>Pliki źródłowe</Filter>
    </ClCompile>
    <ClCompile Include="3rd_party\imgui\examples\imgui_impl_glfw.cpp">
      <Filter>Pliki źródłowe</Filter>
    </ClCompile>
    <ClCompile Include="3rd_party\imgui\examples\imgui_impl_opengl3.cpp">
      <Filter>Pliki źródłowe</Filter>
    </ClCompile>
    <ClCompile Include="3rd_party\ImGuizmo\ImGuizmo.cpp">
      <Filter>Pliki źródłowe</Filter>
    </ClCompile>
    <ClCompile Include="3rd_party\MARMaths\src\mat\mat4.cpp">
      <Filter>Pliki źródłowe</Filter>
    </ClCompile>
    <ClCompile Include="3rd_party\MARMaths\src\vec\vec2.cpp">
      <Filter>Pliki źródłowe</Filter>
    </ClCompile>
    <ClCompile Include="3rd_party\MARMaths\src\vec\vec3.cpp">
      <Filter>Pliki źródłowe</Filter>
    </ClCompile>
    <ClCompile Include="3rd_party\MARMaths\src\vec\vec4.cpp">
      <Filter>Pliki źródłowe</Filter>
    </ClCompile>
    <ClCompile Include="3rd_party\stb_image\include\stb_image\stb_image.cpp">
      <Filter>Pliki źródłowe</Filter>
    </ClCompile>
    <ClCompile Include="src\Core\graphics\Renderer\Buffers\ElementBuffer\ElementBufferOpenGL.cpp">
      <Filter>Pliki źródłowe</Filter>
    </ClCompile>
    <ClCompile Include="src\Core\graphics\Renderer\Buffers\FrameBuffer\FrameBufferOpenGL.cpp">
      <Filter>Pliki źródłowe</Filter>
    </ClCompile>
    <ClCompile Include="src\Core\graphics\Renderer\Buffers\VertexArray\VertexArrayOpenGL.cpp">
      <Filter>Pliki źródłowe</Filter>
    </ClCompile>
    <ClCompile Include="src\Core\graphics\Renderer\Buffers\VertexBuffer\VertexBufferOpenGL.cpp">
      <Filter>Pliki źródłowe</Filter>
    </ClCompile>
    <ClCompile Include="src\Core\graphics\Renderer\Shader\ShaderOpenGL.cpp">
      <Filter>Pliki źródłowe</Filter>
    </ClCompile>
    <ClCompile Include="src\Core\graphics\Renderer\Texture\TextureOpenGL.cpp">
      <Filter>Pliki źródłowe</Filter>
    </ClCompile>
    <ClCompile Include="src\Core\graphics\Renderer\RendererEntity.cpp">
      <Filter>Pliki źródłowe</Filter>
    </ClCompile>
    <ClCompile Include="src\Core\graphics\Mesh\Manipulators\ShapeManipulator.cpp">
      <Filter>Pliki źródłowe</Filter>
    </ClCompile>
    <ClCompile Include="src\Core\ecs\Scene.cpp">
      <Filter>Pliki źródłowe</Filter>
    </ClCompile>
    <ClCompile Include="src\Core\graphics\Mesh\MeshCreator.cpp">
      <Filter>Pliki źródłowe</Filter>
    </ClCompile>
    <ClCompile Include="src\Editor\Camera\Camera.cpp">
      <Filter>Pliki źródłowe</Filter>
    </ClCompile>
    <ClCompile Include="src\Engine.cpp">
      <Filter>Pliki źródłowe</Filter>
    </ClCompile>
    <ClCompile Include="src\helper.cpp">
      <Filter>Pliki źródłowe</Filter>
    </ClCompile>
    <ClCompile Include="src\Core\graphics\Renderer\RendererColor.cpp">
      <Filter>Pliki źródłowe</Filter>
    </ClCompile>
    <ClCompile Include="src\Core\graphics\Renderer\RendererTexture.cpp">
      <Filter>Pliki źródłowe</Filter>
    </ClCompile>
    <ClCompile Include="src\Core\scripting\PythonScript.cpp">
      <Filter>Pliki źródłowe</Filter>
    </ClCompile>
    <ClCompile Include="src\Core\ecs\ECS\Entity.cpp">
      <Filter>Pliki źródłowe</Filter>
    </ClCompile>
  </ItemGroup>
  <ItemGroup>
    <None Include="imgui.ini" />
    <None Include="INSTALL.md" />
    <None Include="LICENSE.md" />
    <None Include="README.md" />
    <None Include=".gitattributes" />
    <None Include=".gitignore" />
    <None Include="cmake\FindGLFW3.cmake" />
    <None Include="cmake\FindGLM.cmake" />
    <None Include="resources\shaders\basicWithoutGUI.shader" />
    <None Include="resources\shaders\basic.shader" />
    <None Include="resources\shaders\cubemap.shader" />
    <None Include=".gitmodules" />
    <None Include="resources\shaders\cubemapWithoutGUI.shader" />
    <None Include="resources\mar_files\load_default.marscene" />
    <None Include="resources\mar_files\modified.marscene" />
    <None Include="resources\mar_files\to_load.marscene" />
    <None Include="resources\mar_files\pushed_to_meshes.marscene" />
    <None Include="resources\mar_files\test.marscene" />
    <None Include="cmake\FindGLEW.cmake" />
    <None Include="cmake\FindOpenGL.cmake" />
    <None Include="cmake\FindPackageHandleStandardArgs.cmake" />
    <None Include="cmake\FindPackageMessage.cmake" />
    <None Include="cmake\SelectLibraryConfigurations.cmake" />
    <None Include="resources\shaders\entityColor.shader" />
    <None Include="resources\shaders\entityTexture2D.shader" />
    <None Include="resources\shaders\entityCubemap.shader" />
  </ItemGroup>
  <ItemGroup>
    <Image Include="resources\textures\wall.jpg">
      <Filter>Pliki zasobów</Filter>
    </Image>
    <Image Include="resources\textures\mr.jpg">
      <Filter>Pliki zasobów</Filter>
    </Image>
    <Image Include="resources\textures\red-texture.jpg">
      <Filter>Pliki zasobów</Filter>
    </Image>
    <Image Include="resources\textures\blue-texture.jpg">
      <Filter>Pliki zasobów</Filter>
    </Image>
    <Image Include="resources\textures\grass-texture.jpg">
      <Filter>Pliki zasobów</Filter>
    </Image>
    <Image Include="resources\textures\black-texture.jpg">
      <Filter>Pliki zasobów</Filter>
    </Image>
    <Image Include="resources\textures\yellow-texture.jpg">
      <Filter>Pliki zasobów</Filter>
    </Image>
    <Image Include="resources\textures\mc\mc-grass.jpg">
      <Filter>Pliki zasobów</Filter>
    </Image>
    <Image Include="resources\textures\skybox\back.jpg">
      <Filter>Pliki zasobów</Filter>
    </Image>
    <Image Include="resources\textures\skybox\bottom.jpg">
      <Filter>Pliki zasobów</Filter>
    </Image>
    <Image Include="resources\textures\skybox\front.jpg">
      <Filter>Pliki zasobów</Filter>
    </Image>
    <Image Include="resources\textures\skybox\left.jpg">
      <Filter>Pliki zasobów</Filter>
    </Image>
    <Image Include="resources\textures\skybox\right.jpg">
      <Filter>Pliki zasobów</Filter>
    </Image>
    <Image Include="resources\textures\skybox\top.jpg">
      <Filter>Pliki zasobów</Filter>
    </Image>
    <Image Include="resources\textures\mc\mc-cobble.jpg">
      <Filter>Pliki zasobów</Filter>
    </Image>
    <Image Include="resources\textures\mc\dirt.jpg">
      <Filter>Pliki zasobów</Filter>
    </Image>
    <Image Include="resources\textures\mc\mc-grass-up.jpg">
      <Filter>Pliki zasobów</Filter>
    </Image>
    <Image Include="resources\textures\mc\mc-diamond.jpg">
      <Filter>Pliki zasobów</Filter>
    </Image>
    <Image Include="img\marengine.jpg">
      <Filter>Pliki zasobów</Filter>
    </Image>
    <Image Include="img\marenginesln.jpg">
      <Filter>Pliki zasobów</Filter>
    </Image>
    <Image Include="img\cmake_generate.jpg">
      <Filter>Pliki zasobów</Filter>
    </Image>
    <Image Include="img\starting.jpg">
      <Filter>Pliki zasobów</Filter>
    </Image>
    <Image Include="img\win32cmake.jpg">
      <Filter>Pliki zasobów</Filter>
    </Image>
    <Image Include="img\x86.jpg">
      <Filter>Pliki zasobów</Filter>
    </Image>
    <Image Include="resources\textures\grass_alpha.png">
      <Filter>Pliki zasobów</Filter>
    </Image>
  </ItemGroup>
  <ItemGroup>
    <Text Include="CMakeLists.txt" />
  </ItemGroup>
  <ItemGroup>
    <Font Include="resources\fonts\Ruda-Bold.ttf" />
  </ItemGroup>
</Project>