
Microsoft Visual Studio Solution File, Format Version 12.00
# Visual Studio Version 16
VisualStudioVersion = 16.0.30011.22
MinimumVisualStudioVersion = 10.0.40219.1
Project("{8BC9CEB8-8B4A-11D0-8D11-00A0C91BC942}") = "SandboxMAR", "SandboxMAR\SandboxMAR.vcxproj", "{392FC164-86C5-45E5-9020-DB530FDA2D80}"
EndProject
Project("{8BC9CEB8-8B4A-11D0-8D11-00A0C91BC942}") = "MAREngine", "MAREngine\MAREngine.vcxproj", "{BB677FAE-7D61-46AA-ABC0-AB0BD75AA33B}"
EndProject
Project("{8BC9CEB8-8B4A-11D0-8D11-00A0C91BC942}") = "VulkanSandbox", "VulkanSandbox\VulkanSandbox.vcxproj", "{5006B814-DEA9-42B5-B905-8E7D26745203}"
EndProject
Global
	GlobalSection(SolutionConfigurationPlatforms) = preSolution
		Debug|x64 = Debug|x64
		Debug|x86 = Debug|x86
		Release|x64 = Release|x64
		Release|x86 = Release|x86
	EndGlobalSection
	GlobalSection(ProjectConfigurationPlatforms) = postSolution
		{392FC164-86C5-45E5-9020-DB530FDA2D80}.Debug|x64.ActiveCfg = Debug|x64
		{392FC164-86C5-45E5-9020-DB530FDA2D80}.Debug|x64.Build.0 = Debug|x64
		{392FC164-86C5-45E5-9020-DB530FDA2D80}.Debug|x86.ActiveCfg = Debug|Win32
		{392FC164-86C5-45E5-9020-DB530FDA2D80}.Debug|x86.Build.0 = Debug|Win32
		{392FC164-86C5-45E5-9020-DB530FDA2D80}.Release|x64.ActiveCfg = Release|x64
		{392FC164-86C5-45E5-9020-DB530FDA2D80}.Release|x64.Build.0 = Release|x64
		{392FC164-86C5-45E5-9020-DB530FDA2D80}.Release|x86.ActiveCfg = Release|Win32
		{392FC164-86C5-45E5-9020-DB530FDA2D80}.Release|x86.Build.0 = Release|Win32
		{BB677FAE-7D61-46AA-ABC0-AB0BD75AA33B}.Debug|x64.ActiveCfg = Debug|x64
		{BB677FAE-7D61-46AA-ABC0-AB0BD75AA33B}.Debug|x64.Build.0 = Debug|x64
		{BB677FAE-7D61-46AA-ABC0-AB0BD75AA33B}.Debug|x86.ActiveCfg = Debug|Win32
		{BB677FAE-7D61-46AA-ABC0-AB0BD75AA33B}.Debug|x86.Build.0 = Debug|Win32
		{BB677FAE-7D61-46AA-ABC0-AB0BD75AA33B}.Release|x64.ActiveCfg = Release|x64
		{BB677FAE-7D61-46AA-ABC0-AB0BD75AA33B}.Release|x64.Build.0 = Release|x64
		{BB677FAE-7D61-46AA-ABC0-AB0BD75AA33B}.Release|x86.ActiveCfg = Release|Win32
		{BB677FAE-7D61-46AA-ABC0-AB0BD75AA33B}.Release|x86.Build.0 = Release|Win32
		{40D28B40-E33C-4E6D-96EF-A2E06305FD5B}.Debug|x64.ActiveCfg = Debug
		{40D28B40-E33C-4E6D-96EF-A2E06305FD5B}.Debug|x86.ActiveCfg = Debug
		{40D28B40-E33C-4E6D-96EF-A2E06305FD5B}.Release|x64.ActiveCfg = Release
		{40D28B40-E33C-4E6D-96EF-A2E06305FD5B}.Release|x86.ActiveCfg = Release
		{5006B814-DEA9-42B5-B905-8E7D26745203}.Debug|x64.ActiveCfg = Debug|x64
		{5006B814-DEA9-42B5-B905-8E7D26745203}.Debug|x64.Build.0 = Debug|x64
		{5006B814-DEA9-42B5-B905-8E7D26745203}.Debug|x86.ActiveCfg = Debug|Win32
		{5006B814-DEA9-42B5-B905-8E7D26745203}.Debug|x86.Build.0 = Debug|Win32
		{5006B814-DEA9-42B5-B905-8E7D26745203}.Release|x64.ActiveCfg = Release|x64
		{5006B814-DEA9-42B5-B905-8E7D26745203}.Release|x64.Build.0 = Release|x64
		{5006B814-DEA9-42B5-B905-8E7D26745203}.Release|x86.ActiveCfg = Release|Win32
		{5006B814-DEA9-42B5-B905-8E7D26745203}.Release|x86.Build.0 = Release|Win32
	EndGlobalSection
	GlobalSection(SolutionProperties) = preSolution
		HideSolutionNode = FALSE
	EndGlobalSection
	GlobalSection(ExtensibilityGlobals) = postSolution
		SolutionGuid = {BB768EEB-0549-4CE4-9208-1CA98E894E88}
	EndGlobalSection
EndGlobal
