<?xml version="1.0" encoding="utf-8"?>
<Project ToolsVersion="4.0" xmlns="http://schemas.microsoft.com/developer/msbuild/2003">
  <ItemGroup>
    <Filter Include="Pliki źródłowe">
      <UniqueIdentifier>{4FC737F1-C7A5-4376-A066-2A32D752A2FF}</UniqueIdentifier>
      <Extensions>cpp;c;cc;cxx;c++;def;odl;idl;hpj;bat;asm;asmx</Extensions>
    </Filter>
    <Filter Include="Pliki nagłówkowe">
      <UniqueIdentifier>{93995380-89BD-4b04-88EB-625FBE52EBFB}</UniqueIdentifier>
      <Extensions>h;hh;hpp;hxx;h++;hm;inl;inc;ipp;xsd</Extensions>
    </Filter>
    <Filter Include="Pliki zasobów">
      <UniqueIdentifier>{67DA6AB6-F800-4c08-8B7A-83BB121AAD01}</UniqueIdentifier>
      <Extensions>rc;ico;cur;bmp;dlg;rc2;rct;bin;rgs;gif;jpg;jpeg;jpe;resx;tiff;tif;png;wav;mfcribbon-ms</Extensions>
    </Filter>
  </ItemGroup>
  <ItemGroup>
    <ClInclude Include="src\mar.h">
      <Filter>Pliki nagłówkowe</Filter>
    </ClInclude>
    <ClInclude Include="src\Debug\Log.h">
      <Filter>Pliki nagłówkowe</Filter>
    </ClInclude>
    <ClInclude Include="src\Window\buttons_def.h">
      <Filter>Pliki nagłówkowe</Filter>
    </ClInclude>
    <ClInclude Include="src\mar_includes.h">
      <Filter>Pliki nagłówkowe</Filter>
    </ClInclude>
    <ClInclude Include="src\LayerStack\Layer.h">
      <Filter>Pliki nagłówkowe</Filter>
    </ClInclude>
    <ClInclude Include="src\LayerStack\LayerStack.h">
      <Filter>Pliki nagłówkowe</Filter>
    </ClInclude>
    <ClInclude Include="3rd_party\MARMaths\MARMaths.h">
      <Filter>Pliki nagłówkowe</Filter>
    </ClInclude>
    <ClInclude Include="3rd_party\stb_image\include\stb_image\stb_image.h">
      <Filter>Pliki nagłówkowe</Filter>
    </ClInclude>
    <ClInclude Include="3rd_party\entt\include\entt\entt.hpp">
      <Filter>Pliki nagłówkowe</Filter>
    </ClInclude>
    <ClInclude Include="src\Editor\EditorLogging.h">
      <Filter>Pliki nagłówkowe</Filter>
    </ClInclude>
    <ClInclude Include="src\Core\graphics\Mesh\MeshCreator.h">
      <Filter>Pliki nagłówkowe</Filter>
    </ClInclude>
    <ClInclude Include="src\Core\ecs\Scene.h">
      <Filter>Pliki nagłówkowe</Filter>
    </ClInclude>
    <ClInclude Include="src\Core\graphics\GraphicsLogs.h">
      <Filter>Pliki nagłówkowe</Filter>
    </ClInclude>
    <ClInclude Include="src\Core\ecs\ECSLogs.h">
      <Filter>Pliki nagłówkowe</Filter>
    </ClInclude>
    <ClInclude Include="src\Editor\Camera\Camera.h">
      <Filter>Pliki nagłówkowe</Filter>
    </ClInclude>
    <ClInclude Include="src\Engine.h">
      <Filter>Pliki nagłówkowe</Filter>
    </ClInclude>
    <ClInclude Include="include\MAREngine\MAREngine.h">
      <Filter>Pliki nagłówkowe</Filter>
    </ClInclude>
    <ClInclude Include="src\Core\ecs\SceneManager.h">
      <Filter>Pliki nagłówkowe</Filter>
    </ClInclude>
    <ClInclude Include="src\LayerStack\LayerLogs.h">
      <Filter>Pliki nagłówkowe</Filter>
    </ClInclude>
    <ClInclude Include="src\Window\WindowLogs.h">
      <Filter>Pliki nagłówkowe</Filter>
    </ClInclude>
    <ClInclude Include="src\Platform\OpenGL\ShaderOpenGL.h">
      <Filter>Pliki nagłówkowe</Filter>
    </ClInclude>
    <ClInclude Include="src\Platform\OpenGL\TextureOpenGL.h">
      <Filter>Pliki nagłówkowe</Filter>
    </ClInclude>
    <ClInclude Include="src\Platform\PlatformLogs.h">
      <Filter>Pliki nagłówkowe</Filter>
    </ClInclude>
    <ClInclude Include="src\mar_logging.h">
      <Filter>Pliki nagłówkowe</Filter>
    </ClInclude>
    <ClInclude Include="src\Core\scripting\MAREnginePy.cpp">
      <Filter>Pliki nagłówkowe</Filter>
    </ClInclude>
    <ClInclude Include="src\Core\scripting\MAREnginePy_Trampoline.h">
      <Filter>Pliki nagłówkowe</Filter>
    </ClInclude>
    <ClInclude Include="src\Core\scripting\PythonScript.h">
      <Filter>Pliki nagłówkowe</Filter>
    </ClInclude>
    <ClInclude Include="src\Core\scripting\ScriptingLogs.h">
      <Filter>Pliki nagłówkowe</Filter>
    </ClInclude>
    <ClInclude Include="3rd_party\ImGuiColorTextEdit\TextEditor.h">
      <Filter>Pliki nagłówkowe</Filter>
    </ClInclude>
    <ClInclude Include="3rd_party\ImGuizmo\ImGuizmo.h">
      <Filter>Pliki nagłówkowe</Filter>
    </ClInclude>
    <ClInclude Include="3rd_party\MARMaths\src\mat\mat4.h">
      <Filter>Pliki nagłówkowe</Filter>
    </ClInclude>
    <ClInclude Include="3rd_party\MARMaths\src\math_func\Basic_Math.h">
      <Filter>Pliki nagłówkowe</Filter>
    </ClInclude>
    <ClInclude Include="3rd_party\MARMaths\src\trig\trigonometric.h">
      <Filter>Pliki nagłówkowe</Filter>
    </ClInclude>
    <ClInclude Include="3rd_party\MARMaths\src\vec\vec2.h">
      <Filter>Pliki nagłówkowe</Filter>
    </ClInclude>
    <ClInclude Include="3rd_party\MARMaths\src\vec\vec3.h">
      <Filter>Pliki nagłówkowe</Filter>
    </ClInclude>
    <ClInclude Include="3rd_party\MARMaths\src\vec\vec4.h">
      <Filter>Pliki nagłówkowe</Filter>
    </ClInclude>
    <ClInclude Include="3rd_party\MARMaths\src\maths.h">
      <Filter>Pliki nagłówkowe</Filter>
    </ClInclude>
    <ClInclude Include="3rd_party\MARMaths\include\MARMaths.h">
      <Filter>Pliki nagłówkowe</Filter>
    </ClInclude>
    <ClInclude Include="3rd_party\pybind11\include\pybind11\detail\class.h">
      <Filter>Pliki nagłówkowe</Filter>
    </ClInclude>
    <ClInclude Include="3rd_party\pybind11\include\pybind11\detail\common.h">
      <Filter>Pliki nagłówkowe</Filter>
    </ClInclude>
    <ClInclude Include="3rd_party\pybind11\include\pybind11\detail\descr.h">
      <Filter>Pliki nagłówkowe</Filter>
    </ClInclude>
    <ClInclude Include="3rd_party\pybind11\include\pybind11\detail\init.h">
      <Filter>Pliki nagłówkowe</Filter>
    </ClInclude>
    <ClInclude Include="3rd_party\pybind11\include\pybind11\detail\internals.h">
      <Filter>Pliki nagłówkowe</Filter>
    </ClInclude>
    <ClInclude Include="3rd_party\pybind11\include\pybind11\detail\typeid.h">
      <Filter>Pliki nagłówkowe</Filter>
    </ClInclude>
    <ClInclude Include="3rd_party\pybind11\include\pybind11\attr.h">
      <Filter>Pliki nagłówkowe</Filter>
    </ClInclude>
    <ClInclude Include="3rd_party\pybind11\include\pybind11\buffer_info.h">
      <Filter>Pliki nagłówkowe</Filter>
    </ClInclude>
    <ClInclude Include="3rd_party\pybind11\include\pybind11\cast.h">
      <Filter>Pliki nagłówkowe</Filter>
    </ClInclude>
    <ClInclude Include="3rd_party\pybind11\include\pybind11\chrono.h">
      <Filter>Pliki nagłówkowe</Filter>
    </ClInclude>
    <ClInclude Include="3rd_party\pybind11\include\pybind11\common.h">
      <Filter>Pliki nagłówkowe</Filter>
    </ClInclude>
    <ClInclude Include="3rd_party\pybind11\include\pybind11\complex.h">
      <Filter>Pliki nagłówkowe</Filter>
    </ClInclude>
    <ClInclude Include="3rd_party\pybind11\include\pybind11\eigen.h">
      <Filter>Pliki nagłówkowe</Filter>
    </ClInclude>
    <ClInclude Include="3rd_party\pybind11\include\pybind11\embed.h">
      <Filter>Pliki nagłówkowe</Filter>
    </ClInclude>
    <ClInclude Include="3rd_party\pybind11\include\pybind11\eval.h">
      <Filter>Pliki nagłówkowe</Filter>
    </ClInclude>
    <ClInclude Include="3rd_party\pybind11\include\pybind11\functional.h">
      <Filter>Pliki nagłówkowe</Filter>
    </ClInclude>
    <ClInclude Include="3rd_party\pybind11\include\pybind11\iostream.h">
      <Filter>Pliki nagłówkowe</Filter>
    </ClInclude>
    <ClInclude Include="3rd_party\pybind11\include\pybind11\numpy.h">
      <Filter>Pliki nagłówkowe</Filter>
    </ClInclude>
    <ClInclude Include="3rd_party\pybind11\include\pybind11\operators.h">
      <Filter>Pliki nagłówkowe</Filter>
    </ClInclude>
    <ClInclude Include="3rd_party\pybind11\include\pybind11\options.h">
      <Filter>Pliki nagłówkowe</Filter>
    </ClInclude>
    <ClInclude Include="3rd_party\pybind11\include\pybind11\pybind11.h">
      <Filter>Pliki nagłówkowe</Filter>
    </ClInclude>
    <ClInclude Include="3rd_party\pybind11\include\pybind11\pytypes.h">
      <Filter>Pliki nagłówkowe</Filter>
    </ClInclude>
    <ClInclude Include="3rd_party\pybind11\include\pybind11\stl.h">
      <Filter>Pliki nagłówkowe</Filter>
    </ClInclude>
    <ClInclude Include="3rd_party\pybind11\include\pybind11\stl_bind.h">
      <Filter>Pliki nagłówkowe</Filter>
    </ClInclude>
    <ClInclude Include="src\Platform\OpenGL\PipelineOpenGL.h">
      <Filter>Pliki nagłówkowe</Filter>
    </ClInclude>
    <ClInclude Include="src\Core\graphics\Renderer\RendererBatch.h">
      <Filter>Pliki nagłówkowe</Filter>
    </ClInclude>
    <ClInclude Include="src\Platform\OpenGL\DrawingOpenGL.h">
      <Filter>Pliki nagłówkowe</Filter>
    </ClInclude>
    <ClInclude Include="src\Platform\GLFW\WindowCallbacks.h">
      <Filter>Pliki nagłówkowe</Filter>
    </ClInclude>
    <ClInclude Include="src\Platform\OpenGL\SetupOpenGL.h">
      <Filter>Pliki nagłówkowe</Filter>
    </ClInclude>
    <ClInclude Include="src\Core\ecs\ScenePlayStorage.h">
      <Filter>Pliki nagłówkowe</Filter>
    </ClInclude>
    <ClInclude Include="src\Core\ecs\SceneRegistry.h">
      <Filter>Pliki nagłówkowe</Filter>
    </ClInclude>
    <ClInclude Include="src\Core\ecs\Components\Components.h">
      <Filter>Pliki nagłówkowe</Filter>
    </ClInclude>
    <ClInclude Include="src\Core\ecs\Components\ScriptingComponents.h">
      <Filter>Pliki nagłówkowe</Filter>
    </ClInclude>
    <ClInclude Include="src\Core\ecs\Components\TextureComponents.h">
      <Filter>Pliki nagłówkowe</Filter>
    </ClInclude>
    <ClInclude Include="src\Core\ecs\Components\DefaultComponents.h">
      <Filter>Pliki nagłówkowe</Filter>
    </ClInclude>
    <ClInclude Include="src\Core\ecs\Components\CameraComponents.h">
      <Filter>Pliki nagłówkowe</Filter>
    </ClInclude>
    <ClInclude Include="src\Core\ecs\Components\LightComponents.h">
      <Filter>Pliki nagłówkowe</Filter>
    </ClInclude>
    <ClInclude Include="src\Core\ecs\Entity\Entity.h">
      <Filter>Pliki nagłówkowe</Filter>
    </ClInclude>
    <ClInclude Include="src\Core\ecs\Entity\EntityContainer.h">
      <Filter>Pliki nagłówkowe</Filter>
    </ClInclude>
    <ClInclude Include="src\Core\ecs\Entity\EntityOperation.h">
      <Filter>Pliki nagłówkowe</Filter>
    </ClInclude>
    <ClInclude Include="src\Core\ecs\Components\EngineOnlyComponents.h">
      <Filter>Pliki nagłówkowe</Filter>
    </ClInclude>
    <ClInclude Include="src\Core\graphics\Mesh\Vertex.h">
      <Filter>Pliki nagłówkowe</Filter>
    </ClInclude>
    <ClInclude Include="src\Platform\OpenGL\FramebufferOpenGL.h">
      <Filter>Pliki nagłówkowe</Filter>
    </ClInclude>
    <ClInclude Include="3rd_party\ImGui-Addons\FileBrowser\ImGuiFileBrowser.h">
      <Filter>Pliki nagłówkowe</Filter>
    </ClInclude>
    <ClInclude Include="3rd_party\ImGui-Addons\FileBrowser\Dirent\dirent.h">
      <Filter>Pliki nagłówkowe</Filter>
    </ClInclude>
    <ClInclude Include="src\Platform\OpenGL\ShaderBufferStorageOpenGL.h">
      <Filter>Pliki nagłówkowe</Filter>
    </ClInclude>
    <ClInclude Include="src\Window\WindowInstance.h">
      <Filter>Pliki nagłówkowe</Filter>
    </ClInclude>
    <ClInclude Include="src\Window\Window.h">
      <Filter>Pliki nagłówkowe</Filter>
    </ClInclude>
    <ClInclude Include="src\Platform\SDL\ContextSDL.h">
      <Filter>Pliki nagłówkowe</Filter>
    </ClInclude>
    <ClInclude Include="3rd_party\GLAD\include\glad\glad.h">
      <Filter>Pliki nagłówkowe</Filter>
    </ClInclude>
    <ClInclude Include="3rd_party\GLAD\include\KHR\khrplatform.h">
      <Filter>Pliki nagłówkowe</Filter>
    </ClInclude>
    <ClInclude Include="3rd_party\imgui\imgui_internal.h">
      <Filter>Pliki nagłówkowe</Filter>
    </ClInclude>
    <ClInclude Include="3rd_party\imgui\imconfig.h">
      <Filter>Pliki nagłówkowe</Filter>
    </ClInclude>
    <ClInclude Include="3rd_party\imgui\imgui.h">
      <Filter>Pliki nagłówkowe</Filter>
    </ClInclude>
    <ClInclude Include="3rd_party\imgui\imstb_rectpack.h">
      <Filter>Pliki nagłówkowe</Filter>
    </ClInclude>
    <ClInclude Include="3rd_party\imgui\imstb_textedit.h">
      <Filter>Pliki nagłówkowe</Filter>
    </ClInclude>
    <ClInclude Include="3rd_party\imgui\imstb_truetype.h">
      <Filter>Pliki nagłówkowe</Filter>
    </ClInclude>
    <ClInclude Include="3rd_party\imgui\examples\imgui_impl_sdl.h">
      <Filter>Pliki nagłówkowe</Filter>
    </ClInclude>
    <ClInclude Include="3rd_party\imgui\examples\imgui_impl_opengl3.h">
      <Filter>Pliki nagłówkowe</Filter>
    </ClInclude>
    <ClInclude Include="3rd_party\imgui\examples\imgui_impl_glfw.h">
      <Filter>Pliki nagłówkowe</Filter>
    </ClInclude>
    <ClInclude Include="src\Platform\OpenGL\UniformBufferOpenGL.h">
      <Filter>Pliki nagłówkowe</Filter>
    </ClInclude>
    <ClInclude Include="src\Editor\Camera\SphericalCamera.h">
      <Filter>Pliki nagłówkowe</Filter>
    </ClInclude>
    <ClInclude Include="src\Editor\Camera\StandardCamera.h">
      <Filter>Pliki nagłówkowe</Filter>
    </ClInclude>
    <ClInclude Include="src\Core\graphics\Renderer\ShaderBufferStorage.h">
      <Filter>Pliki nagłówkowe</Filter>
    </ClInclude>
    <ClInclude Include="3rd_party\MARMaths\src\math_func\basic.h">
      <Filter>Pliki nagłówkowe</Filter>
    </ClInclude>
    <ClInclude Include="3rd_party\MARMaths\src\trig\trig.h">
      <Filter>Pliki nagłówkowe</Filter>
    </ClInclude>
    <ClInclude Include="src\Core\graphics\GraphicLimits.h">
      <Filter>Pliki nagłówkowe</Filter>
    </ClInclude>
    <ClInclude Include="src\Core\graphics\Renderer\RenderMemorizer.h">
      <Filter>Pliki nagłówkowe</Filter>
    </ClInclude>
    <ClInclude Include="src\LayerStack\layers\RenderLayer.h">
      <Filter>Pliki nagłówkowe</Filter>
    </ClInclude>
    <ClInclude Include="src\LayerStack\layers\SceneLayer.h">
      <Filter>Pliki nagłówkowe</Filter>
    </ClInclude>
    <ClInclude Include="src\LayerStack\layers\EditorLayer.h">
      <Filter>Pliki nagłówkowe</Filter>
    </ClInclude>
    <ClInclude Include="src\Core\graphics\Mesh\loader_obj\OBJ_Loader.h">
      <Filter>Pliki nagłówkowe</Filter>
    </ClInclude>
    <ClInclude Include="src\Core\graphics\RenderAPI\RenderStatistics.h">
      <Filter>Pliki nagłówkowe</Filter>
    </ClInclude>
    <ClInclude Include="src\Core\graphics\RenderAPI\RenderPipeline.h">
      <Filter>Pliki nagłówkowe</Filter>
    </ClInclude>
    <ClInclude Include="src\Core\graphics\RenderAPI\RenderCamera.h">
      <Filter>Pliki nagłówkowe</Filter>
    </ClInclude>
    <ClInclude Include="src\Core\graphics\RenderAPI\RenderContainer.h">
      <Filter>Pliki nagłówkowe</Filter>
    </ClInclude>
    <ClInclude Include="src\Core\graphics\RenderAPI\RenderContainerDefinitions.h">
      <Filter>Pliki nagłówkowe</Filter>
    </ClInclude>
    <ClInclude Include="src\Platform\GLSL\ShaderUniforms.h">
      <Filter>Pliki nagłówkowe</Filter>
    </ClInclude>
    <ClInclude Include="src\Core\graphics\Renderer\PipelineStorage.h">
      <Filter>Pliki nagłówkowe</Filter>
    </ClInclude>
    <ClInclude Include="src\Core\graphics\RenderAPI\RenderPipelineHelper.h">
      <Filter>Pliki nagłówkowe</Filter>
    </ClInclude>
    <ClInclude Include="src\Core\events\RenderEvents.h">
      <Filter>Pliki nagłówkowe</Filter>
    </ClInclude>
    <ClInclude Include="src\Core\filesystem\FilesystemLogging.h">
      <Filter>Pliki nagłówkowe</Filter>
    </ClInclude>
    <ClInclude Include="src\Editor\WidgetPanels\EntityPanels\CommonComponentHandler.h">
      <Filter>Pliki nagłówkowe</Filter>
    </ClInclude>
    <ClInclude Include="src\Editor\EditorManager.h">
      <Filter>Pliki nagłówkowe</Filter>
    </ClInclude>
    <ClInclude Include="src\Core\IWidget.h">
      <Filter>Pliki nagłówkowe</Filter>
    </ClInclude>
    <ClInclude Include="src\Editor\WidgetPanels\GeneralWidgetPanel.h">
      <Filter>Pliki nagłówkowe</Filter>
    </ClInclude>
    <ClInclude Include="src\Editor\WidgetPanels\IWidgetPanel.h">
      <Filter>Pliki nagłówkowe</Filter>
    </ClInclude>
    <ClInclude Include="src\Editor\WidgetPanels\AllWidgetPanels.h">
      <Filter>Pliki nagłówkowe</Filter>
    </ClInclude>
    <ClInclude Include="src\Editor\WidgetPanels\MenuBars\MainMenuBarWidget.h">
      <Filter>Pliki nagłówkowe</Filter>
    </ClInclude>
    <ClInclude Include="src\Editor\WidgetPanels\Filesystem\FilesystemWidgets.h">
      <Filter>Pliki nagłówkowe</Filter>
    </ClInclude>
    <ClInclude Include="src\Editor\WidgetPanels\OtherPanels\InfoWidget.h">
      <Filter>Pliki nagłówkowe</Filter>
    </ClInclude>
    <ClInclude Include="src\Editor\WidgetPanels\OtherPanels\StatisticsWidget.h">
      <Filter>Pliki nagłówkowe</Filter>
    </ClInclude>
    <ClInclude Include="src\Editor\WidgetPanels\OtherPanels\ThemeWidget.h">
      <Filter>Pliki nagłówkowe</Filter>
    </ClInclude>
    <ClInclude Include="src\Editor\WidgetPanels\Viewport\ViewportWidget.h">
      <Filter>Pliki nagłówkowe</Filter>
    </ClInclude>
    <ClInclude Include="src\Editor\WidgetPanels\Viewport\GuizmoWidget.h">
      <Filter>Pliki nagłówkowe</Filter>
    </ClInclude>
    <ClInclude Include="src\Editor\WidgetPanels\ScenePropertiesPanel\ScenePropertiesWidget.h">
      <Filter>Pliki nagłówkowe</Filter>
    </ClInclude>
    <ClInclude Include="src\Editor\WidgetPanels\EntityPanels\EntityWidgetPanel.h">
      <Filter>Pliki nagłówkowe</Filter>
    </ClInclude>
    <ClInclude Include="src\Editor\WidgetPanels\EntityPanels\SceneHierarchyWidget.h">
      <Filter>Pliki nagłówkowe</Filter>
    </ClInclude>
    <ClInclude Include="src\Editor\WidgetPanels\ScriptEditor\ScriptIDEWidget.h">
      <Filter>Pliki nagłówkowe</Filter>
    </ClInclude>
    <ClInclude Include="src\Editor\WidgetPanels\AllWidgetEvents.h">
      <Filter>Pliki nagłówkowe</Filter>
    </ClInclude>
    <ClInclude Include="src\Editor\WidgetEvents\EventsEntityWidget.h">
      <Filter>Pliki nagłówkowe</Filter>
    </ClInclude>
    <ClInclude Include="src\Core\events\AllEvents.h">
      <Filter>Pliki nagłówkowe</Filter>
    </ClInclude>
    <ClInclude Include="3rd_party\json\include\json.hpp">
      <Filter>Pliki nagłówkowe</Filter>
    </ClInclude>
    <ClInclude Include="src\Core\filesystem\SceneSerializer.h">
      <Filter>Pliki nagłówkowe</Filter>
    </ClInclude>
    <ClInclude Include="src\Core\filesystem\SceneDeserializer.h">
      <Filter>Pliki nagłówkowe</Filter>
    </ClInclude>
    <ClInclude Include="src\Core\filesystem\ScriptsFileManager.h">
      <Filter>Pliki nagłówkowe</Filter>
    </ClInclude>
    <ClInclude Include="src\Editor\WidgetPanels\Filesystem\SceneFilesystemWidgets.h">
      <Filter>Pliki nagłówkowe</Filter>
    </ClInclude>
    <ClInclude Include="src\Editor\WidgetPanels\Filesystem\EntityFilesystemWidgets.h">
      <Filter>Pliki nagłówkowe</Filter>
    </ClInclude>
    <ClInclude Include="src\Core\ecs\Entity\IEntityEvents.h">
      <Filter>Pliki nagłówkowe</Filter>
    </ClInclude>
    <ClInclude Include="src\Core\ecs\Entity\EventsComponentEntity.h">
      <Filter>Pliki nagłówkowe</Filter>
    </ClInclude>
    <ClInclude Include="src\Core\graphics\Mesh\MeshBatchStaticColor.h">
      <Filter>Pliki nagłówkowe</Filter>
    </ClInclude>
    <ClInclude Include="src\Core\graphics\Mesh\MeshDefinitions.h">
      <Filter>Pliki nagłówkowe</Filter>
    </ClInclude>
    <ClInclude Include="src\Core\graphics\Mesh\IMeshBatch.h">
      <Filter>Pliki nagłówkowe</Filter>
    </ClInclude>
    <ClInclude Include="src\Core\graphics\Mesh\MeshBatchStatic.h">
      <Filter>Pliki nagłówkowe</Filter>
    </ClInclude>
  </ItemGroup>
  <ItemGroup>
    <ClCompile Include="src\Debug\Log.cpp">
      <Filter>Pliki źródłowe</Filter>
    </ClCompile>
    <ClCompile Include="3rd_party\stb_image\include\stb_image\stb_image.cpp">
      <Filter>Pliki źródłowe</Filter>
    </ClCompile>
    <ClCompile Include="src\Core\graphics\Mesh\MeshCreator.cpp">
      <Filter>Pliki źródłowe</Filter>
    </ClCompile>
    <ClCompile Include="src\Engine.cpp">
      <Filter>Pliki źródłowe</Filter>
    </ClCompile>
    <ClCompile Include="src\Core\ecs\SceneManager.cpp">
      <Filter>Pliki źródłowe</Filter>
    </ClCompile>
    <ClCompile Include="src\Platform\OpenGL\ShaderOpenGL.cpp">
      <Filter>Pliki źródłowe</Filter>
    </ClCompile>
    <ClCompile Include="src\Platform\OpenGL\TextureOpenGL.cpp">
      <Filter>Pliki źródłowe</Filter>
    </ClCompile>
    <ClCompile Include="src\Core\scripting\PythonScript.cpp">
      <Filter>Pliki źródłowe</Filter>
    </ClCompile>
    <ClCompile Include="3rd_party\ImGuiColorTextEdit\TextEditor.cpp">
      <Filter>Pliki źródłowe</Filter>
    </ClCompile>
    <ClCompile Include="3rd_party\ImGuizmo\ImGuizmo.cpp">
      <Filter>Pliki źródłowe</Filter>
    </ClCompile>
    <ClCompile Include="3rd_party\MARMaths\src\mat\mat4.cpp">
      <Filter>Pliki źródłowe</Filter>
    </ClCompile>
    <ClCompile Include="3rd_party\MARMaths\src\vec\vec2.cpp">
      <Filter>Pliki źródłowe</Filter>
    </ClCompile>
    <ClCompile Include="3rd_party\MARMaths\src\vec\vec3.cpp">
      <Filter>Pliki źródłowe</Filter>
    </ClCompile>
    <ClCompile Include="3rd_party\MARMaths\src\vec\vec4.cpp">
      <Filter>Pliki źródłowe</Filter>
    </ClCompile>
    <ClCompile Include="src\Platform\OpenGL\PipelineOpenGL.cpp">
      <Filter>Pliki źródłowe</Filter>
    </ClCompile>
    <ClCompile Include="src\Core\graphics\Renderer\RendererBatch.cpp">
      <Filter>Pliki źródłowe</Filter>
    </ClCompile>
    <ClCompile Include="src\Core\ecs\Scene.cpp">
      <Filter>Pliki źródłowe</Filter>
    </ClCompile>
    <ClCompile Include="src\Platform\GLFW\WindowGLFW.cpp">
      <Filter>Pliki źródłowe</Filter>
    </ClCompile>
    <ClCompile Include="src\Editor\Camera\Camera.cpp">
      <Filter>Pliki źródłowe</Filter>
    </ClCompile>
    <ClCompile Include="src\Core\ecs\ScenePlayStorage.cpp">
      <Filter>Pliki źródłowe</Filter>
    </ClCompile>
    <ClCompile Include="src\LayerStack\LayerStack.cpp">
      <Filter>Pliki źródłowe</Filter>
    </ClCompile>
    <ClCompile Include="src\Core\ecs\Components\DefaultComponents.cpp">
      <Filter>Pliki źródłowe</Filter>
    </ClCompile>
    <ClCompile Include="src\Core\ecs\Entity\EntityOperation.cpp">
      <Filter>Pliki źródłowe</Filter>
    </ClCompile>
    <ClCompile Include="src\Platform\OpenGL\DrawingOpenGL.cpp">
      <Filter>Pliki źródłowe</Filter>
    </ClCompile>
    <ClCompile Include="src\Platform\OpenGL\SetupOpenGL.cpp">
      <Filter>Pliki źródłowe</Filter>
    </ClCompile>
    <ClCompile Include="src\Core\ecs\Entity\Entity.cpp">
      <Filter>Pliki źródłowe</Filter>
    </ClCompile>
    <ClCompile Include="src\Core\ecs\SceneRegistry.cpp">
      <Filter>Pliki źródłowe</Filter>
    </ClCompile>
    <ClCompile Include="src\Platform\OpenGL\FramebufferOpenGL.cpp">
      <Filter>Pliki źródłowe</Filter>
    </ClCompile>
    <ClCompile Include="3rd_party\ImGui-Addons\FileBrowser\ImGuiFileBrowser.cpp">
      <Filter>Pliki źródłowe</Filter>
    </ClCompile>
    <ClCompile Include="3rd_party\GLAD\src\glad.c">
      <Filter>Pliki źródłowe</Filter>
    </ClCompile>
    <ClCompile Include="src\Platform\OpenGL\ShaderBufferStorageOpenGL.cpp">
      <Filter>Pliki źródłowe</Filter>
    </ClCompile>
    <ClCompile Include="src\Platform\SDL\WindowSDL.cpp">
      <Filter>Pliki źródłowe</Filter>
    </ClCompile>
    <ClCompile Include="src\Window\WindowInstance.cpp">
      <Filter>Pliki źródłowe</Filter>
    </ClCompile>
    <ClCompile Include="src\Platform\SDL\ContextSDL.cpp">
      <Filter>Pliki źródłowe</Filter>
    </ClCompile>
    <ClCompile Include="3rd_party\imgui\imgui.cpp">
      <Filter>Pliki źródłowe</Filter>
    </ClCompile>
    <ClCompile Include="3rd_party\imgui\imgui_draw.cpp">
      <Filter>Pliki źródłowe</Filter>
    </ClCompile>
    <ClCompile Include="3rd_party\imgui\imgui_widgets.cpp">
      <Filter>Pliki źródłowe</Filter>
    </ClCompile>
    <ClCompile Include="3rd_party\imgui\examples\imgui_impl_sdl.cpp">
      <Filter>Pliki źródłowe</Filter>
    </ClCompile>
    <ClCompile Include="3rd_party\imgui\examples\imgui_impl_opengl3.cpp">
      <Filter>Pliki źródłowe</Filter>
    </ClCompile>
    <ClCompile Include="3rd_party\imgui\examples\imgui_impl_glfw.cpp">
      <Filter>Pliki źródłowe</Filter>
    </ClCompile>
    <ClCompile Include="3rd_party\imgui\imgui_demo.cpp">
      <Filter>Pliki źródłowe</Filter>
    </ClCompile>
    <ClCompile Include="src\Window\Window.cpp">
      <Filter>Pliki źródłowe</Filter>
    </ClCompile>
    <ClCompile Include="src\Platform\OpenGL\UniformBufferOpenGL.cpp">
      <Filter>Pliki źródłowe</Filter>
    </ClCompile>
    <ClCompile Include="src\Editor\Camera\SphericalCamera.cpp">
      <Filter>Pliki źródłowe</Filter>
    </ClCompile>
    <ClCompile Include="src\Editor\Camera\StandardCamera.cpp">
      <Filter>Pliki źródłowe</Filter>
    </ClCompile>
    <ClCompile Include="src\Core\graphics\Renderer\ShaderBufferStorage.cpp">
      <Filter>Pliki źródłowe</Filter>
    </ClCompile>
    <ClCompile Include="3rd_party\MARMaths\src\math_func\basic.cpp">
      <Filter>Pliki źródłowe</Filter>
    </ClCompile>
    <ClCompile Include="3rd_party\MARMaths\src\trig\trig.cpp">
      <Filter>Pliki źródłowe</Filter>
    </ClCompile>
    <ClCompile Include="src\Core\ecs\Components\CameraComponents.cpp">
      <Filter>Pliki źródłowe</Filter>
    </ClCompile>
    <ClCompile Include="src\Core\graphics\Renderer\RenderMemorizer.cpp">
      <Filter>Pliki źródłowe</Filter>
    </ClCompile>
    <ClCompile Include="src\LayerStack\layers\RenderLayer.cpp">
      <Filter>Pliki źródłowe</Filter>
    </ClCompile>
    <ClCompile Include="src\LayerStack\layers\SceneLayer.cpp">
      <Filter>Pliki źródłowe</Filter>
    </ClCompile>
    <ClCompile Include="src\LayerStack\layers\EditorLayer.cpp">
      <Filter>Pliki źródłowe</Filter>
    </ClCompile>
    <ClCompile Include="src\Core\graphics\Mesh\loader_obj\OBJ_Loader.cpp">
      <Filter>Pliki źródłowe</Filter>
    </ClCompile>
    <ClCompile Include="src\Core\graphics\RenderAPI\RenderStatistics.cpp">
      <Filter>Pliki źródłowe</Filter>
    </ClCompile>
    <ClCompile Include="src\Core\graphics\RenderAPI\RenderPipeline.cpp">
      <Filter>Pliki źródłowe</Filter>
    </ClCompile>
    <ClCompile Include="src\Core\graphics\RenderAPI\RenderCamera.cpp">
      <Filter>Pliki źródłowe</Filter>
    </ClCompile>
    <ClCompile Include="src\Core\graphics\RenderAPI\RenderContainer.cpp">
      <Filter>Pliki źródłowe</Filter>
    </ClCompile>
    <ClCompile Include="src\Core\graphics\Renderer\PipelineStorage.cpp">
      <Filter>Pliki źródłowe</Filter>
    </ClCompile>
    <ClCompile Include="src\Core\graphics\RenderAPI\RenderPipelineHelper.cpp">
      <Filter>Pliki źródłowe</Filter>
    </ClCompile>
    <ClCompile Include="src\Core\events\RenderEvents.cpp">
      <Filter>Pliki źródłowe</Filter>
    </ClCompile>
    <ClCompile Include="src\Editor\WidgetPanels\EntityPanels\CommonComponentHandler.cpp">
      <Filter>Pliki źródłowe</Filter>
    </ClCompile>
    <ClCompile Include="src\Editor\EditorManager.cpp">
      <Filter>Pliki źródłowe</Filter>
    </ClCompile>
    <ClCompile Include="src\Core\IWidget.cpp">
      <Filter>Pliki źródłowe</Filter>
    </ClCompile>
    <ClCompile Include="src\Editor\WidgetPanels\GeneralWidgetPanel.cpp">
      <Filter>Pliki źródłowe</Filter>
    </ClCompile>
    <ClCompile Include="src\Editor\WidgetPanels\MenuBars\MainMenuBarWidget.cpp">
      <Filter>Pliki źródłowe</Filter>
    </ClCompile>
    <ClCompile Include="src\Editor\WidgetPanels\Filesystem\FilesystemWidgets.cpp">
      <Filter>Pliki źródłowe</Filter>
    </ClCompile>
    <ClCompile Include="src\Editor\WidgetPanels\OtherPanels\InfoWidget.cpp">
      <Filter>Pliki źródłowe</Filter>
    </ClCompile>
    <ClCompile Include="src\Editor\WidgetPanels\OtherPanels\StatisticsWidget.cpp">
      <Filter>Pliki źródłowe</Filter>
    </ClCompile>
    <ClCompile Include="src\Editor\WidgetPanels\OtherPanels\ThemeWidget.cpp">
      <Filter>Pliki źródłowe</Filter>
    </ClCompile>
    <ClCompile Include="src\Editor\WidgetPanels\Viewport\ViewportWidget.cpp">
      <Filter>Pliki źródłowe</Filter>
    </ClCompile>
    <ClCompile Include="src\Editor\WidgetPanels\Viewport\GuizmoWidget.cpp">
      <Filter>Pliki źródłowe</Filter>
    </ClCompile>
    <ClCompile Include="src\Editor\WidgetPanels\ScenePropertiesPanel\ScenePropertiesWidget.cpp">
      <Filter>Pliki źródłowe</Filter>
    </ClCompile>
    <ClCompile Include="src\Editor\WidgetPanels\EntityPanels\EntityWidgetPanel.cpp">
      <Filter>Pliki źródłowe</Filter>
    </ClCompile>
    <ClCompile Include="src\Editor\WidgetPanels\EntityPanels\SceneHierarchyWidget.cpp">
      <Filter>Pliki źródłowe</Filter>
    </ClCompile>
    <ClCompile Include="src\Editor\WidgetPanels\ScriptEditor\ScriptIDEWidget.cpp">
      <Filter>Pliki źródłowe</Filter>
    </ClCompile>
    <ClCompile Include="src\Editor\WidgetEvents\EventsEntityWidget.cpp">
      <Filter>Pliki źródłowe</Filter>
    </ClCompile>
    <ClCompile Include="src\Core\filesystem\SceneSerializer.cpp">
      <Filter>Pliki źródłowe</Filter>
    </ClCompile>
    <ClCompile Include="src\Core\filesystem\SceneDeserializer.cpp">
      <Filter>Pliki źródłowe</Filter>
    </ClCompile>
    <ClCompile Include="src\Core\filesystem\ScriptsFileManager.cpp">
      <Filter>Pliki źródłowe</Filter>
    </ClCompile>
    <ClCompile Include="src\Editor\WidgetPanels\Filesystem\SceneFilesystemWidgets.cpp">
      <Filter>Pliki źródłowe</Filter>
    </ClCompile>
    <ClCompile Include="src\Editor\WidgetPanels\Filesystem\EntityFilesystemWidgets.cpp">
      <Filter>Pliki źródłowe</Filter>
    </ClCompile>
    <ClCompile Include="src\Core\ecs\Entity\EventsComponentEntity.cpp">
      <Filter>Pliki źródłowe</Filter>
    </ClCompile>
    <ClCompile Include="src\Core\graphics\Mesh\MeshBatchStaticColor.cpp">
      <Filter>Pliki źródłowe</Filter>
    </ClCompile>
    <ClCompile Include="src\Core\graphics\Mesh\MeshBatchStatic.cpp">
      <Filter>Pliki źródłowe</Filter>
    </ClCompile>
  </ItemGroup>
  <ItemGroup>
    <None Include="cmake\FindGLFW3.cmake" />
    <None Include="cmake\FindGLM.cmake" />
    <None Include="resources\shaders\basicWithoutGUI.shader" />
    <None Include="resources\shaders\basic.shader" />
    <None Include="resources\shaders\cubemap.shader" />
    <None Include="resources\shaders\cubemapWithoutGUI.shader" />
    <None Include="resources\mar_files\load_default.marscene" />
    <None Include="resources\mar_files\modified.marscene" />
    <None Include="resources\mar_files\to_load.marscene" />
    <None Include="resources\mar_files\pushed_to_meshes.marscene" />
    <None Include="resources\mar_files\test.marscene" />
    <None Include="cmake\FindGLEW.cmake" />
    <None Include="cmake\FindOpenGL.cmake" />
    <None Include="cmake\FindPackageHandleStandardArgs.cmake" />
    <None Include="cmake\FindPackageMessage.cmake" />
    <None Include="cmake\SelectLibraryConfigurations.cmake" />
    <None Include="resources\shaders\entityColor.shader.glsl" />
    <None Include="resources\shaders\entityCubemap.shader.glsl" />
    <None Include="resources\shaders\entityTexture2D.shader.glsl" />
    <None Include="src\Core\ecs\Entity\Entity.inl">
      <Filter>Pliki nagłówkowe</Filter>
    </None>
  </ItemGroup>
  <ItemGroup>
    <Image Include="resources\textures\wall.jpg">
      <Filter>Pliki zasobów</Filter>
    </Image>
    <Image Include="resources\textures\mr.jpg">
      <Filter>Pliki zasobów</Filter>
    </Image>
    <Image Include="resources\textures\red-texture.jpg">
      <Filter>Pliki zasobów</Filter>
    </Image>
    <Image Include="resources\textures\blue-texture.jpg">
      <Filter>Pliki zasobów</Filter>
    </Image>
    <Image Include="resources\textures\grass-texture.jpg">
      <Filter>Pliki zasobów</Filter>
    </Image>
    <Image Include="resources\textures\black-texture.jpg">
      <Filter>Pliki zasobów</Filter>
    </Image>
    <Image Include="resources\textures\yellow-texture.jpg">
      <Filter>Pliki zasobów</Filter>
    </Image>
    <Image Include="resources\textures\mc\mc-grass.jpg">
      <Filter>Pliki zasobów</Filter>
    </Image>
    <Image Include="resources\textures\skybox\back.jpg">
      <Filter>Pliki zasobów</Filter>
    </Image>
    <Image Include="resources\textures\skybox\bottom.jpg">
      <Filter>Pliki zasobów</Filter>
    </Image>
    <Image Include="resources\textures\skybox\front.jpg">
      <Filter>Pliki zasobów</Filter>
    </Image>
    <Image Include="resources\textures\skybox\left.jpg">
      <Filter>Pliki zasobów</Filter>
    </Image>
    <Image Include="resources\textures\skybox\right.jpg">
      <Filter>Pliki zasobów</Filter>
    </Image>
    <Image Include="resources\textures\skybox\top.jpg">
      <Filter>Pliki zasobów</Filter>
    </Image>
    <Image Include="resources\textures\mc\mc-cobble.jpg">
      <Filter>Pliki zasobów</Filter>
    </Image>
    <Image Include="resources\textures\mc\dirt.jpg">
      <Filter>Pliki zasobów</Filter>
    </Image>
    <Image Include="resources\textures\mc\mc-grass-up.jpg">
      <Filter>Pliki zasobów</Filter>
    </Image>
    <Image Include="resources\textures\mc\mc-diamond.jpg">
      <Filter>Pliki zasobów</Filter>
    </Image>
    <Image Include="img\marengine.jpg">
      <Filter>Pliki zasobów</Filter>
    </Image>
    <Image Include="img\marenginesln.jpg">
      <Filter>Pliki zasobów</Filter>
    </Image>
    <Image Include="img\cmake_generate.jpg">
      <Filter>Pliki zasobów</Filter>
    </Image>
    <Image Include="img\starting.jpg">
      <Filter>Pliki zasobów</Filter>
    </Image>
    <Image Include="img\win32cmake.jpg">
      <Filter>Pliki zasobów</Filter>
    </Image>
    <Image Include="img\x86.jpg">
      <Filter>Pliki zasobów</Filter>
    </Image>
    <Image Include="resources\textures\grass_alpha.png">
      <Filter>Pliki zasobów</Filter>
    </Image>
  </ItemGroup>
  <ItemGroup>
    <Font Include="resources\fonts\Ruda-Bold.ttf" />
  </ItemGroup>
</Project>